// !$*UTF8*$!
{
	archiveVersion = 1;
	classes = {
	};
	objectVersion = 46;
	objects = {

/* Begin PBXBuildFile section */
		8F273BAE1F06C2C40024A735 /* AppDelegate.swift in Sources */ = {isa = PBXBuildFile; fileRef = 8F273BAD1F06C2C40024A735 /* AppDelegate.swift */; };
		8F273BB01F06C2C40024A735 /* ViewController.swift in Sources */ = {isa = PBXBuildFile; fileRef = 8F273BAF1F06C2C40024A735 /* ViewController.swift */; };
		8F273BB31F06C2C40024A735 /* Main.storyboard in Resources */ = {isa = PBXBuildFile; fileRef = 8F273BB11F06C2C40024A735 /* Main.storyboard */; };
		8F273BB51F06C2C40024A735 /* Assets.xcassets in Resources */ = {isa = PBXBuildFile; fileRef = 8F273BB41F06C2C40024A735 /* Assets.xcassets */; };
		8F273BB81F06C2C40024A735 /* LaunchScreen.storyboard in Resources */ = {isa = PBXBuildFile; fileRef = 8F273BB61F06C2C40024A735 /* LaunchScreen.storyboard */; };
		8F273BC31F06C2C40024A735 /* DataBaseSwiftTests.swift in Sources */ = {isa = PBXBuildFile; fileRef = 8F273BC21F06C2C40024A735 /* DataBaseSwiftTests.swift */; };
		8F273BCE1F06C2C40024A735 /* DataBaseSwiftUITests.swift in Sources */ = {isa = PBXBuildFile; fileRef = 8F273BCD1F06C2C40024A735 /* DataBaseSwiftUITests.swift */; };
		8F273BF21F06C3950024A735 /* libsqlite3.0.tbd in Frameworks */ = {isa = PBXBuildFile; fileRef = 8F273BF11F06C3950024A735 /* libsqlite3.0.tbd */; };
		8F273C021F06C3D40024A735 /* FMDatabase.m in Sources */ = {isa = PBXBuildFile; fileRef = 8F273BF61F06C3D40024A735 /* FMDatabase.m */; };
		8F273C031F06C3D40024A735 /* FMDatabaseAdditions.m in Sources */ = {isa = PBXBuildFile; fileRef = 8F273BF81F06C3D40024A735 /* FMDatabaseAdditions.m */; };
		8F273C041F06C3D40024A735 /* FMDatabasePool.m in Sources */ = {isa = PBXBuildFile; fileRef = 8F273BFA1F06C3D40024A735 /* FMDatabasePool.m */; };
		8F273C051F06C3D40024A735 /* FMDatabaseQueue.m in Sources */ = {isa = PBXBuildFile; fileRef = 8F273BFC1F06C3D40024A735 /* FMDatabaseQueue.m */; };
		8F273C061F06C3D40024A735 /* FMResultSet.m in Sources */ = {isa = PBXBuildFile; fileRef = 8F273BFF1F06C3D40024A735 /* FMResultSet.m */; };
		8F273C071F06C3D40024A735 /* FMDBUtility.m in Sources */ = {isa = PBXBuildFile; fileRef = 8F273C011F06C3D40024A735 /* FMDBUtility.m */; };
		8F273C161F06C6750024A735 /* AFHTTPSessionManager.m in Sources */ = {isa = PBXBuildFile; fileRef = 8F273C0A1F06C6750024A735 /* AFHTTPSessionManager.m */; };
		8F273C171F06C6750024A735 /* AFNetworkReachabilityManager.m in Sources */ = {isa = PBXBuildFile; fileRef = 8F273C0D1F06C6750024A735 /* AFNetworkReachabilityManager.m */; };
		8F273C181F06C6750024A735 /* AFSecurityPolicy.m in Sources */ = {isa = PBXBuildFile; fileRef = 8F273C0F1F06C6750024A735 /* AFSecurityPolicy.m */; };
		8F273C191F06C6750024A735 /* AFURLRequestSerialization.m in Sources */ = {isa = PBXBuildFile; fileRef = 8F273C111F06C6750024A735 /* AFURLRequestSerialization.m */; };
		8F273C1A1F06C6750024A735 /* AFURLResponseSerialization.m in Sources */ = {isa = PBXBuildFile; fileRef = 8F273C131F06C6750024A735 /* AFURLResponseSerialization.m */; };
		8F273C1B1F06C6750024A735 /* AFURLSessionManager.m in Sources */ = {isa = PBXBuildFile; fileRef = 8F273C151F06C6750024A735 /* AFURLSessionManager.m */; };
/* End PBXBuildFile section */

/* Begin PBXContainerItemProxy section */
		8F273BBF1F06C2C40024A735 /* PBXContainerItemProxy */ = {
			isa = PBXContainerItemProxy;
			containerPortal = 8F273BA21F06C2C40024A735 /* Project object */;
			proxyType = 1;
			remoteGlobalIDString = 8F273BA91F06C2C40024A735;
			remoteInfo = DataBaseSwift;
		};
		8F273BCA1F06C2C40024A735 /* PBXContainerItemProxy */ = {
			isa = PBXContainerItemProxy;
			containerPortal = 8F273BA21F06C2C40024A735 /* Project object */;
			proxyType = 1;
			remoteGlobalIDString = 8F273BA91F06C2C40024A735;
			remoteInfo = DataBaseSwift;
		};
/* End PBXContainerItemProxy section */

/* Begin PBXFileReference section */
		8F273BAA1F06C2C40024A735 /* DataBaseSwift.app */ = {isa = PBXFileReference; explicitFileType = wrapper.application; includeInIndex = 0; path = DataBaseSwift.app; sourceTree = BUILT_PRODUCTS_DIR; };
		8F273BAD1F06C2C40024A735 /* AppDelegate.swift */ = {isa = PBXFileReference; lastKnownFileType = sourcecode.swift; path = AppDelegate.swift; sourceTree = "<group>"; };
		8F273BAF1F06C2C40024A735 /* ViewController.swift */ = {isa = PBXFileReference; lastKnownFileType = sourcecode.swift; path = ViewController.swift; sourceTree = "<group>"; };
		8F273BB21F06C2C40024A735 /* Base */ = {isa = PBXFileReference; lastKnownFileType = file.storyboard; name = Base; path = Base.lproj/Main.storyboard; sourceTree = "<group>"; };
		8F273BB41F06C2C40024A735 /* Assets.xcassets */ = {isa = PBXFileReference; lastKnownFileType = folder.assetcatalog; path = Assets.xcassets; sourceTree = "<group>"; };
		8F273BB71F06C2C40024A735 /* Base */ = {isa = PBXFileReference; lastKnownFileType = file.storyboard; name = Base; path = Base.lproj/LaunchScreen.storyboard; sourceTree = "<group>"; };
		8F273BB91F06C2C40024A735 /* Info.plist */ = {isa = PBXFileReference; lastKnownFileType = text.plist.xml; path = Info.plist; sourceTree = "<group>"; };
		8F273BBE1F06C2C40024A735 /* DataBaseSwiftTests.xctest */ = {isa = PBXFileReference; explicitFileType = wrapper.cfbundle; includeInIndex = 0; path = DataBaseSwiftTests.xctest; sourceTree = BUILT_PRODUCTS_DIR; };
		8F273BC21F06C2C40024A735 /* DataBaseSwiftTests.swift */ = {isa = PBXFileReference; lastKnownFileType = sourcecode.swift; path = DataBaseSwiftTests.swift; sourceTree = "<group>"; };
		8F273BC41F06C2C40024A735 /* Info.plist */ = {isa = PBXFileReference; lastKnownFileType = text.plist.xml; path = Info.plist; sourceTree = "<group>"; };
		8F273BC91F06C2C40024A735 /* DataBaseSwiftUITests.xctest */ = {isa = PBXFileReference; explicitFileType = wrapper.cfbundle; includeInIndex = 0; path = DataBaseSwiftUITests.xctest; sourceTree = BUILT_PRODUCTS_DIR; };
		8F273BCD1F06C2C40024A735 /* DataBaseSwiftUITests.swift */ = {isa = PBXFileReference; lastKnownFileType = sourcecode.swift; path = DataBaseSwiftUITests.swift; sourceTree = "<group>"; };
		8F273BCF1F06C2C40024A735 /* Info.plist */ = {isa = PBXFileReference; lastKnownFileType = text.plist.xml; path = Info.plist; sourceTree = "<group>"; };
		8F273BEC1F06C3500024A735 /* DataBaseSwift--bridging-header.h */ = {isa = PBXFileReference; lastKnownFileType = sourcecode.c.h; path = "DataBaseSwift--bridging-header.h"; sourceTree = SOURCE_ROOT; };
		8F273BF11F06C3950024A735 /* libsqlite3.0.tbd */ = {isa = PBXFileReference; lastKnownFileType = "sourcecode.text-based-dylib-definition"; name = libsqlite3.0.tbd; path = usr/lib/libsqlite3.0.tbd; sourceTree = SDKROOT; };
		8F273BF51F06C3D40024A735 /* FMDatabase.h */ = {isa = PBXFileReference; fileEncoding = 4; lastKnownFileType = sourcecode.c.h; path = FMDatabase.h; sourceTree = "<group>"; };
		8F273BF61F06C3D40024A735 /* FMDatabase.m */ = {isa = PBXFileReference; fileEncoding = 4; lastKnownFileType = sourcecode.c.objc; path = FMDatabase.m; sourceTree = "<group>"; };
		8F273BF71F06C3D40024A735 /* FMDatabaseAdditions.h */ = {isa = PBXFileReference; fileEncoding = 4; lastKnownFileType = sourcecode.c.h; path = FMDatabaseAdditions.h; sourceTree = "<group>"; };
		8F273BF81F06C3D40024A735 /* FMDatabaseAdditions.m */ = {isa = PBXFileReference; fileEncoding = 4; lastKnownFileType = sourcecode.c.objc; path = FMDatabaseAdditions.m; sourceTree = "<group>"; };
		8F273BF91F06C3D40024A735 /* FMDatabasePool.h */ = {isa = PBXFileReference; fileEncoding = 4; lastKnownFileType = sourcecode.c.h; path = FMDatabasePool.h; sourceTree = "<group>"; };
		8F273BFA1F06C3D40024A735 /* FMDatabasePool.m */ = {isa = PBXFileReference; fileEncoding = 4; lastKnownFileType = sourcecode.c.objc; path = FMDatabasePool.m; sourceTree = "<group>"; };
		8F273BFB1F06C3D40024A735 /* FMDatabaseQueue.h */ = {isa = PBXFileReference; fileEncoding = 4; lastKnownFileType = sourcecode.c.h; path = FMDatabaseQueue.h; sourceTree = "<group>"; };
		8F273BFC1F06C3D40024A735 /* FMDatabaseQueue.m */ = {isa = PBXFileReference; fileEncoding = 4; lastKnownFileType = sourcecode.c.objc; path = FMDatabaseQueue.m; sourceTree = "<group>"; };
		8F273BFD1F06C3D40024A735 /* FMDB.h */ = {isa = PBXFileReference; fileEncoding = 4; lastKnownFileType = sourcecode.c.h; path = FMDB.h; sourceTree = "<group>"; };
		8F273BFE1F06C3D40024A735 /* FMResultSet.h */ = {isa = PBXFileReference; fileEncoding = 4; lastKnownFileType = sourcecode.c.h; path = FMResultSet.h; sourceTree = "<group>"; };
		8F273BFF1F06C3D40024A735 /* FMResultSet.m */ = {isa = PBXFileReference; fileEncoding = 4; lastKnownFileType = sourcecode.c.objc; path = FMResultSet.m; sourceTree = "<group>"; };
		8F273C001F06C3D40024A735 /* FMDBUtility.h */ = {isa = PBXFileReference; fileEncoding = 4; lastKnownFileType = sourcecode.c.h; path = FMDBUtility.h; sourceTree = "<group>"; };
		8F273C011F06C3D40024A735 /* FMDBUtility.m */ = {isa = PBXFileReference; fileEncoding = 4; lastKnownFileType = sourcecode.c.objc; path = FMDBUtility.m; sourceTree = "<group>"; };
		8F273C091F06C6750024A735 /* AFHTTPSessionManager.h */ = {isa = PBXFileReference; fileEncoding = 4; lastKnownFileType = sourcecode.c.h; path = AFHTTPSessionManager.h; sourceTree = "<group>"; };
		8F273C0A1F06C6750024A735 /* AFHTTPSessionManager.m */ = {isa = PBXFileReference; fileEncoding = 4; lastKnownFileType = sourcecode.c.objc; path = AFHTTPSessionManager.m; sourceTree = "<group>"; };
		8F273C0B1F06C6750024A735 /* AFNetworking.h */ = {isa = PBXFileReference; fileEncoding = 4; lastKnownFileType = sourcecode.c.h; path = AFNetworking.h; sourceTree = "<group>"; };
		8F273C0C1F06C6750024A735 /* AFNetworkReachabilityManager.h */ = {isa = PBXFileReference; fileEncoding = 4; lastKnownFileType = sourcecode.c.h; path = AFNetworkReachabilityManager.h; sourceTree = "<group>"; };
		8F273C0D1F06C6750024A735 /* AFNetworkReachabilityManager.m */ = {isa = PBXFileReference; fileEncoding = 4; lastKnownFileType = sourcecode.c.objc; path = AFNetworkReachabilityManager.m; sourceTree = "<group>"; };
		8F273C0E1F06C6750024A735 /* AFSecurityPolicy.h */ = {isa = PBXFileReference; fileEncoding = 4; lastKnownFileType = sourcecode.c.h; path = AFSecurityPolicy.h; sourceTree = "<group>"; };
		8F273C0F1F06C6750024A735 /* AFSecurityPolicy.m */ = {isa = PBXFileReference; fileEncoding = 4; lastKnownFileType = sourcecode.c.objc; path = AFSecurityPolicy.m; sourceTree = "<group>"; };
		8F273C101F06C6750024A735 /* AFURLRequestSerialization.h */ = {isa = PBXFileReference; fileEncoding = 4; lastKnownFileType = sourcecode.c.h; path = AFURLRequestSerialization.h; sourceTree = "<group>"; };
		8F273C111F06C6750024A735 /* AFURLRequestSerialization.m */ = {isa = PBXFileReference; fileEncoding = 4; lastKnownFileType = sourcecode.c.objc; path = AFURLRequestSerialization.m; sourceTree = "<group>"; };
		8F273C121F06C6750024A735 /* AFURLResponseSerialization.h */ = {isa = PBXFileReference; fileEncoding = 4; lastKnownFileType = sourcecode.c.h; path = AFURLResponseSerialization.h; sourceTree = "<group>"; };
		8F273C131F06C6750024A735 /* AFURLResponseSerialization.m */ = {isa = PBXFileReference; fileEncoding = 4; lastKnownFileType = sourcecode.c.objc; path = AFURLResponseSerialization.m; sourceTree = "<group>"; };
		8F273C141F06C6750024A735 /* AFURLSessionManager.h */ = {isa = PBXFileReference; fileEncoding = 4; lastKnownFileType = sourcecode.c.h; path = AFURLSessionManager.h; sourceTree = "<group>"; };
		8F273C151F06C6750024A735 /* AFURLSessionManager.m */ = {isa = PBXFileReference; fileEncoding = 4; lastKnownFileType = sourcecode.c.objc; path = AFURLSessionManager.m; sourceTree = "<group>"; };
/* End PBXFileReference section */

/* Begin PBXFrameworksBuildPhase section */
		8F273BA71F06C2C40024A735 /* Frameworks */ = {
			isa = PBXFrameworksBuildPhase;
			buildActionMask = 2147483647;
			files = (
				8F273BF21F06C3950024A735 /* libsqlite3.0.tbd in Frameworks */,
			);
			runOnlyForDeploymentPostprocessing = 0;
		};
		8F273BBB1F06C2C40024A735 /* Frameworks */ = {
			isa = PBXFrameworksBuildPhase;
			buildActionMask = 2147483647;
			files = (
			);
			runOnlyForDeploymentPostprocessing = 0;
		};
		8F273BC61F06C2C40024A735 /* Frameworks */ = {
			isa = PBXFrameworksBuildPhase;
			buildActionMask = 2147483647;
			files = (
			);
			runOnlyForDeploymentPostprocessing = 0;
		};
/* End PBXFrameworksBuildPhase section */

/* Begin PBXGroup section */
		8F273BA11F06C2C40024A735 = {
			isa = PBXGroup;
			children = (
				8F273BAC1F06C2C40024A735 /* DataBaseSwift */,
				8F273BC11F06C2C40024A735 /* DataBaseSwiftTests */,
				8F273BCC1F06C2C40024A735 /* DataBaseSwiftUITests */,
				8F273BAB1F06C2C40024A735 /* Products */,
				8F273BF01F06C3940024A735 /* Frameworks */,
			);
			sourceTree = "<group>";
		};
		8F273BAB1F06C2C40024A735 /* Products */ = {
			isa = PBXGroup;
			children = (
				8F273BAA1F06C2C40024A735 /* DataBaseSwift.app */,
				8F273BBE1F06C2C40024A735 /* DataBaseSwiftTests.xctest */,
				8F273BC91F06C2C40024A735 /* DataBaseSwiftUITests.xctest */,
			);
			name = Products;
			sourceTree = "<group>";
		};
		8F273BAC1F06C2C40024A735 /* DataBaseSwift */ = {
			isa = PBXGroup;
			children = (
				8F273BEC1F06C3500024A735 /* DataBaseSwift--bridging-header.h */,
				8F273C081F06C6750024A735 /* AFNetworking */,
				8F273BF31F06C3D40024A735 /* DataBase */,
				8F273BAD1F06C2C40024A735 /* AppDelegate.swift */,
				8F273BAF1F06C2C40024A735 /* ViewController.swift */,
				8F273BB11F06C2C40024A735 /* Main.storyboard */,
				8F273BB41F06C2C40024A735 /* Assets.xcassets */,
				8F273BB61F06C2C40024A735 /* LaunchScreen.storyboard */,
				8F273BB91F06C2C40024A735 /* Info.plist */,
			);
			path = DataBaseSwift;
			sourceTree = "<group>";
		};
		8F273BC11F06C2C40024A735 /* DataBaseSwiftTests */ = {
			isa = PBXGroup;
			children = (
				8F273BC21F06C2C40024A735 /* DataBaseSwiftTests.swift */,
				8F273BC41F06C2C40024A735 /* Info.plist */,
			);
			path = DataBaseSwiftTests;
			sourceTree = "<group>";
		};
		8F273BCC1F06C2C40024A735 /* DataBaseSwiftUITests */ = {
			isa = PBXGroup;
			children = (
				8F273BCD1F06C2C40024A735 /* DataBaseSwiftUITests.swift */,
				8F273BCF1F06C2C40024A735 /* Info.plist */,
			);
			path = DataBaseSwiftUITests;
			sourceTree = "<group>";
		};
		8F273BF01F06C3940024A735 /* Frameworks */ = {
			isa = PBXGroup;
			children = (
				8F273BF11F06C3950024A735 /* libsqlite3.0.tbd */,
			);
			name = Frameworks;
			sourceTree = "<group>";
		};
		8F273BF31F06C3D40024A735 /* DataBase */ = {
			isa = PBXGroup;
			children = (
				8F273BF41F06C3D40024A735 /* FMDB */,
				8F273C001F06C3D40024A735 /* FMDBUtility.h */,
				8F273C011F06C3D40024A735 /* FMDBUtility.m */,
			);
			path = DataBase;
			sourceTree = "<group>";
		};
		8F273BF41F06C3D40024A735 /* FMDB */ = {
			isa = PBXGroup;
			children = (
				8F273BF51F06C3D40024A735 /* FMDatabase.h */,
				8F273BF61F06C3D40024A735 /* FMDatabase.m */,
				8F273BF71F06C3D40024A735 /* FMDatabaseAdditions.h */,
				8F273BF81F06C3D40024A735 /* FMDatabaseAdditions.m */,
				8F273BF91F06C3D40024A735 /* FMDatabasePool.h */,
				8F273BFA1F06C3D40024A735 /* FMDatabasePool.m */,
				8F273BFB1F06C3D40024A735 /* FMDatabaseQueue.h */,
				8F273BFC1F06C3D40024A735 /* FMDatabaseQueue.m */,
				8F273BFD1F06C3D40024A735 /* FMDB.h */,
				8F273BFE1F06C3D40024A735 /* FMResultSet.h */,
				8F273BFF1F06C3D40024A735 /* FMResultSet.m */,
			);
			path = FMDB;
			sourceTree = "<group>";
		};
		8F273C081F06C6750024A735 /* AFNetworking */ = {
			isa = PBXGroup;
			children = (
				8F273C091F06C6750024A735 /* AFHTTPSessionManager.h */,
				8F273C0A1F06C6750024A735 /* AFHTTPSessionManager.m */,
				8F273C0B1F06C6750024A735 /* AFNetworking.h */,
				8F273C0C1F06C6750024A735 /* AFNetworkReachabilityManager.h */,
				8F273C0D1F06C6750024A735 /* AFNetworkReachabilityManager.m */,
				8F273C0E1F06C6750024A735 /* AFSecurityPolicy.h */,
				8F273C0F1F06C6750024A735 /* AFSecurityPolicy.m */,
				8F273C101F06C6750024A735 /* AFURLRequestSerialization.h */,
				8F273C111F06C6750024A735 /* AFURLRequestSerialization.m */,
				8F273C121F06C6750024A735 /* AFURLResponseSerialization.h */,
				8F273C131F06C6750024A735 /* AFURLResponseSerialization.m */,
				8F273C141F06C6750024A735 /* AFURLSessionManager.h */,
				8F273C151F06C6750024A735 /* AFURLSessionManager.m */,
			);
			path = AFNetworking;
			sourceTree = "<group>";
		};
/* End PBXGroup section */

/* Begin PBXNativeTarget section */
		8F273BA91F06C2C40024A735 /* DataBaseSwift */ = {
			isa = PBXNativeTarget;
			buildConfigurationList = 8F273BD21F06C2C40024A735 /* Build configuration list for PBXNativeTarget "DataBaseSwift" */;
			buildPhases = (
				8F273BA61F06C2C40024A735 /* Sources */,
				8F273BA71F06C2C40024A735 /* Frameworks */,
				8F273BA81F06C2C40024A735 /* Resources */,
			);
			buildRules = (
			);
			dependencies = (
			);
			name = DataBaseSwift;
			productName = DataBaseSwift;
			productReference = 8F273BAA1F06C2C40024A735 /* DataBaseSwift.app */;
			productType = "com.apple.product-type.application";
		};
		8F273BBD1F06C2C40024A735 /* DataBaseSwiftTests */ = {
			isa = PBXNativeTarget;
			buildConfigurationList = 8F273BD51F06C2C40024A735 /* Build configuration list for PBXNativeTarget "DataBaseSwiftTests" */;
			buildPhases = (
				8F273BBA1F06C2C40024A735 /* Sources */,
				8F273BBB1F06C2C40024A735 /* Frameworks */,
				8F273BBC1F06C2C40024A735 /* Resources */,
			);
			buildRules = (
			);
			dependencies = (
				8F273BC01F06C2C40024A735 /* PBXTargetDependency */,
			);
			name = DataBaseSwiftTests;
			productName = DataBaseSwiftTests;
			productReference = 8F273BBE1F06C2C40024A735 /* DataBaseSwiftTests.xctest */;
			productType = "com.apple.product-type.bundle.unit-test";
		};
		8F273BC81F06C2C40024A735 /* DataBaseSwiftUITests */ = {
			isa = PBXNativeTarget;
			buildConfigurationList = 8F273BD81F06C2C40024A735 /* Build configuration list for PBXNativeTarget "DataBaseSwiftUITests" */;
			buildPhases = (
				8F273BC51F06C2C40024A735 /* Sources */,
				8F273BC61F06C2C40024A735 /* Frameworks */,
				8F273BC71F06C2C40024A735 /* Resources */,
			);
			buildRules = (
			);
			dependencies = (
				8F273BCB1F06C2C40024A735 /* PBXTargetDependency */,
			);
			name = DataBaseSwiftUITests;
			productName = DataBaseSwiftUITests;
			productReference = 8F273BC91F06C2C40024A735 /* DataBaseSwiftUITests.xctest */;
			productType = "com.apple.product-type.bundle.ui-testing";
		};
/* End PBXNativeTarget section */

/* Begin PBXProject section */
		8F273BA21F06C2C40024A735 /* Project object */ = {
			isa = PBXProject;
			attributes = {
				LastSwiftUpdateCheck = 0830;
				LastUpgradeCheck = 0830;
				ORGANIZATIONNAME = "Prashant Prajapati";
				TargetAttributes = {
					8F273BA91F06C2C40024A735 = {
						CreatedOnToolsVersion = 8.3.2;
						ProvisioningStyle = Automatic;
					};
					8F273BBD1F06C2C40024A735 = {
						CreatedOnToolsVersion = 8.3.2;
						ProvisioningStyle = Automatic;
						TestTargetID = 8F273BA91F06C2C40024A735;
					};
					8F273BC81F06C2C40024A735 = {
						CreatedOnToolsVersion = 8.3.2;
						ProvisioningStyle = Automatic;
						TestTargetID = 8F273BA91F06C2C40024A735;
					};
				};
			};
			buildConfigurationList = 8F273BA51F06C2C40024A735 /* Build configuration list for PBXProject "DataBaseSwift" */;
			compatibilityVersion = "Xcode 3.2";
			developmentRegion = English;
			hasScannedForEncodings = 0;
			knownRegions = (
				en,
				Base,
			);
			mainGroup = 8F273BA11F06C2C40024A735;
			productRefGroup = 8F273BAB1F06C2C40024A735 /* Products */;
			projectDirPath = "";
			projectRoot = "";
			targets = (
				8F273BA91F06C2C40024A735 /* DataBaseSwift */,
				8F273BBD1F06C2C40024A735 /* DataBaseSwiftTests */,
				8F273BC81F06C2C40024A735 /* DataBaseSwiftUITests */,
			);
		};
/* End PBXProject section */

/* Begin PBXResourcesBuildPhase section */
		8F273BA81F06C2C40024A735 /* Resources */ = {
			isa = PBXResourcesBuildPhase;
			buildActionMask = 2147483647;
			files = (
				8F273BB81F06C2C40024A735 /* LaunchScreen.storyboard in Resources */,
				8F273BB51F06C2C40024A735 /* Assets.xcassets in Resources */,
				8F273BB31F06C2C40024A735 /* Main.storyboard in Resources */,
			);
			runOnlyForDeploymentPostprocessing = 0;
		};
		8F273BBC1F06C2C40024A735 /* Resources */ = {
			isa = PBXResourcesBuildPhase;
			buildActionMask = 2147483647;
			files = (
			);
			runOnlyForDeploymentPostprocessing = 0;
		};
		8F273BC71F06C2C40024A735 /* Resources */ = {
			isa = PBXResourcesBuildPhase;
			buildActionMask = 2147483647;
			files = (
			);
			runOnlyForDeploymentPostprocessing = 0;
		};
/* End PBXResourcesBuildPhase section */

/* Begin PBXSourcesBuildPhase section */
		8F273BA61F06C2C40024A735 /* Sources */ = {
			isa = PBXSourcesBuildPhase;
			buildActionMask = 2147483647;
			files = (
				8F273C021F06C3D40024A735 /* FMDatabase.m in Sources */,
				8F273BB01F06C2C40024A735 /* ViewController.swift in Sources */,
				8F273C171F06C6750024A735 /* AFNetworkReachabilityManager.m in Sources */,
				8F273C1B1F06C6750024A735 /* AFURLSessionManager.m in Sources */,
				8F273C191F06C6750024A735 /* AFURLRequestSerialization.m in Sources */,
				8F273C061F06C3D40024A735 /* FMResultSet.m in Sources */,
				8F273C1A1F06C6750024A735 /* AFURLResponseSerialization.m in Sources */,
				8F273C161F06C6750024A735 /* AFHTTPSessionManager.m in Sources */,
				8F273C041F06C3D40024A735 /* FMDatabasePool.m in Sources */,
				8F273BAE1F06C2C40024A735 /* AppDelegate.swift in Sources */,
				8F273C071F06C3D40024A735 /* FMDBUtility.m in Sources */,
				8F273C031F06C3D40024A735 /* FMDatabaseAdditions.m in Sources */,
				8F273C181F06C6750024A735 /* AFSecurityPolicy.m in Sources */,
				8F273C051F06C3D40024A735 /* FMDatabaseQueue.m in Sources */,
			);
			runOnlyForDeploymentPostprocessing = 0;
		};
		8F273BBA1F06C2C40024A735 /* Sources */ = {
			isa = PBXSourcesBuildPhase;
			buildActionMask = 2147483647;
			files = (
				8F273BC31F06C2C40024A735 /* DataBaseSwiftTests.swift in Sources */,
			);
			runOnlyForDeploymentPostprocessing = 0;
		};
		8F273BC51F06C2C40024A735 /* Sources */ = {
			isa = PBXSourcesBuildPhase;
			buildActionMask = 2147483647;
			files = (
				8F273BCE1F06C2C40024A735 /* DataBaseSwiftUITests.swift in Sources */,
			);
			runOnlyForDeploymentPostprocessing = 0;
		};
/* End PBXSourcesBuildPhase section */

/* Begin PBXTargetDependency section */
		8F273BC01F06C2C40024A735 /* PBXTargetDependency */ = {
			isa = PBXTargetDependency;
			target = 8F273BA91F06C2C40024A735 /* DataBaseSwift */;
			targetProxy = 8F273BBF1F06C2C40024A735 /* PBXContainerItemProxy */;
		};
		8F273BCB1F06C2C40024A735 /* PBXTargetDependency */ = {
			isa = PBXTargetDependency;
			target = 8F273BA91F06C2C40024A735 /* DataBaseSwift */;
			targetProxy = 8F273BCA1F06C2C40024A735 /* PBXContainerItemProxy */;
		};
/* End PBXTargetDependency section */

/* Begin PBXVariantGroup section */
		8F273BB11F06C2C40024A735 /* Main.storyboard */ = {
			isa = PBXVariantGroup;
			children = (
				8F273BB21F06C2C40024A735 /* Base */,
			);
			name = Main.storyboard;
			sourceTree = "<group>";
		};
		8F273BB61F06C2C40024A735 /* LaunchScreen.storyboard */ = {
			isa = PBXVariantGroup;
			children = (
				8F273BB71F06C2C40024A735 /* Base */,
			);
			name = LaunchScreen.storyboard;
			sourceTree = "<group>";
		};
/* End PBXVariantGroup section */

/* Begin XCBuildConfiguration section */
		8F273BD01F06C2C40024A735 /* Debug */ = {
			isa = XCBuildConfiguration;
			buildSettings = {
				ALWAYS_SEARCH_USER_PATHS = NO;
				CLANG_ANALYZER_NONNULL = YES;
				CLANG_ANALYZER_NUMBER_OBJECT_CONVERSION = YES_AGGRESSIVE;
				CLANG_CXX_LANGUAGE_STANDARD = "gnu++0x";
				CLANG_CXX_LIBRARY = "libc++";
				CLANG_ENABLE_MODULES = YES;
				CLANG_ENABLE_OBJC_ARC = YES;
				CLANG_WARN_BOOL_CONVERSION = YES;
				CLANG_WARN_CONSTANT_CONVERSION = YES;
				CLANG_WARN_DIRECT_OBJC_ISA_USAGE = YES_ERROR;
				CLANG_WARN_DOCUMENTATION_COMMENTS = YES;
				CLANG_WARN_EMPTY_BODY = YES;
				CLANG_WARN_ENUM_CONVERSION = YES;
				CLANG_WARN_INFINITE_RECURSION = YES;
				CLANG_WARN_INT_CONVERSION = YES;
				CLANG_WARN_OBJC_ROOT_CLASS = YES_ERROR;
				CLANG_WARN_SUSPICIOUS_MOVE = YES;
				CLANG_WARN_UNREACHABLE_CODE = YES;
				CLANG_WARN__DUPLICATE_METHOD_MATCH = YES;
				"CODE_SIGN_IDENTITY[sdk=iphoneos*]" = "iPhone Developer";
				COPY_PHASE_STRIP = NO;
				DEBUG_INFORMATION_FORMAT = dwarf;
				ENABLE_STRICT_OBJC_MSGSEND = YES;
				ENABLE_TESTABILITY = YES;
				GCC_C_LANGUAGE_STANDARD = gnu99;
				GCC_DYNAMIC_NO_PIC = NO;
				GCC_NO_COMMON_BLOCKS = YES;
				GCC_OPTIMIZATION_LEVEL = 0;
				GCC_PREPROCESSOR_DEFINITIONS = (
					"DEBUG=1",
					"$(inherited)",
				);
				GCC_WARN_64_TO_32_BIT_CONVERSION = YES;
				GCC_WARN_ABOUT_RETURN_TYPE = YES_ERROR;
				GCC_WARN_UNDECLARED_SELECTOR = YES;
				GCC_WARN_UNINITIALIZED_AUTOS = YES_AGGRESSIVE;
				GCC_WARN_UNUSED_FUNCTION = YES;
				GCC_WARN_UNUSED_VARIABLE = YES;
				IPHONEOS_DEPLOYMENT_TARGET = 10.3;
				MTL_ENABLE_DEBUG_INFO = YES;
				ONLY_ACTIVE_ARCH = YES;
				SDKROOT = iphoneos;
				SWIFT_ACTIVE_COMPILATION_CONDITIONS = DEBUG;
				SWIFT_OPTIMIZATION_LEVEL = "-Onone";
				TARGETED_DEVICE_FAMILY = "1,2";
			};
			name = Debug;
		};
		8F273BD11F06C2C40024A735 /* Release */ = {
			isa = XCBuildConfiguration;
			buildSettings = {
				ALWAYS_SEARCH_USER_PATHS = NO;
				CLANG_ANALYZER_NONNULL = YES;
				CLANG_ANALYZER_NUMBER_OBJECT_CONVERSION = YES_AGGRESSIVE;
				CLANG_CXX_LANGUAGE_STANDARD = "gnu++0x";
				CLANG_CXX_LIBRARY = "libc++";
				CLANG_ENABLE_MODULES = YES;
				CLANG_ENABLE_OBJC_ARC = YES;
				CLANG_WARN_BOOL_CONVERSION = YES;
				CLANG_WARN_CONSTANT_CONVERSION = YES;
				CLANG_WARN_DIRECT_OBJC_ISA_USAGE = YES_ERROR;
				CLANG_WARN_DOCUMENTATION_COMMENTS = YES;
				CLANG_WARN_EMPTY_BODY = YES;
				CLANG_WARN_ENUM_CONVERSION = YES;
				CLANG_WARN_INFINITE_RECURSION = YES;
				CLANG_WARN_INT_CONVERSION = YES;
				CLANG_WARN_OBJC_ROOT_CLASS = YES_ERROR;
				CLANG_WARN_SUSPICIOUS_MOVE = YES;
				CLANG_WARN_UNREACHABLE_CODE = YES;
				CLANG_WARN__DUPLICATE_METHOD_MATCH = YES;
				"CODE_SIGN_IDENTITY[sdk=iphoneos*]" = "iPhone Developer";
				COPY_PHASE_STRIP = NO;
				DEBUG_INFORMATION_FORMAT = "dwarf-with-dsym";
				ENABLE_NS_ASSERTIONS = NO;
				ENABLE_STRICT_OBJC_MSGSEND = YES;
				GCC_C_LANGUAGE_STANDARD = gnu99;
				GCC_NO_COMMON_BLOCKS = YES;
				GCC_WARN_64_TO_32_BIT_CONVERSION = YES;
				GCC_WARN_ABOUT_RETURN_TYPE = YES_ERROR;
				GCC_WARN_UNDECLARED_SELECTOR = YES;
				GCC_WARN_UNINITIALIZED_AUTOS = YES_AGGRESSIVE;
				GCC_WARN_UNUSED_FUNCTION = YES;
				GCC_WARN_UNUSED_VARIABLE = YES;
				IPHONEOS_DEPLOYMENT_TARGET = 10.3;
				MTL_ENABLE_DEBUG_INFO = NO;
				SDKROOT = iphoneos;
				SWIFT_OPTIMIZATION_LEVEL = "-Owholemodule";
				TARGETED_DEVICE_FAMILY = "1,2";
				VALIDATE_PRODUCT = YES;
			};
			name = Release;
		};
		8F273BD31F06C2C40024A735 /* Debug */ = {
			isa = XCBuildConfiguration;
			buildSettings = {
				ASSETCATALOG_COMPILER_APPICON_NAME = AppIcon;
				INFOPLIST_FILE = DataBaseSwift/Info.plist;
				LD_RUNPATH_SEARCH_PATHS = "$(inherited) @executable_path/Frameworks";
				PRODUCT_BUNDLE_IDENTIFIER = com.prashant.DataBaseSwift;
				PRODUCT_NAME = "$(TARGET_NAME)";
				SWIFT_OBJC_BRIDGING_HEADER = "/Users/Prashant/Desktop/DataBaseSwift/DataBaseSwift--bridging-header.h";
				SWIFT_VERSION = 3.0;
			};
			name = Debug;
		};
		8F273BD41F06C2C40024A735 /* Release */ = {
			isa = XCBuildConfiguration;
			buildSettings = {
				ASSETCATALOG_COMPILER_APPICON_NAME = AppIcon;
				INFOPLIST_FILE = DataBaseSwift/Info.plist;
				LD_RUNPATH_SEARCH_PATHS = "$(inherited) @executable_path/Frameworks";
				PRODUCT_BUNDLE_IDENTIFIER = com.prashant.DataBaseSwift;
				PRODUCT_NAME = "$(TARGET_NAME)";
				SWIFT_OBJC_BRIDGING_HEADER = "/Users/Prashant/Desktop/DataBaseSwift/DataBaseSwift--bridging-header.h";
				SWIFT_VERSION = 3.0;
			};
			name = Release;
		};
		8F273BD61F06C2C40024A735 /* Debug */ = {
			isa = XCBuildConfiguration;
			buildSettings = {
				ALWAYS_EMBED_SWIFT_STANDARD_LIBRARIES = YES;
				BUNDLE_LOADER = "$(TEST_HOST)";
				INFOPLIST_FILE = DataBaseSwiftTests/Info.plist;
				LD_RUNPATH_SEARCH_PATHS = "$(inherited) @executable_path/Frameworks @loader_path/Frameworks";
				PRODUCT_BUNDLE_IDENTIFIER = com.prashant.DataBaseSwiftTests;
				PRODUCT_NAME = "$(TARGET_NAME)";
				SWIFT_VERSION = 3.0;
				TEST_HOST = "$(BUILT_PRODUCTS_DIR)/DataBaseSwift.app/DataBaseSwift";
			};
			name = Debug;
		};
		8F273BD71F06C2C40024A735 /* Release */ = {
			isa = XCBuildConfiguration;
			buildSettings = {
				ALWAYS_EMBED_SWIFT_STANDARD_LIBRARIES = YES;
				BUNDLE_LOADER = "$(TEST_HOST)";
				INFOPLIST_FILE = DataBaseSwiftTests/Info.plist;
				LD_RUNPATH_SEARCH_PATHS = "$(inherited) @executable_path/Frameworks @loader_path/Frameworks";
				PRODUCT_BUNDLE_IDENTIFIER = com.prashant.DataBaseSwiftTests;
				PRODUCT_NAME = "$(TARGET_NAME)";
				SWIFT_VERSION = 3.0;
				TEST_HOST = "$(BUILT_PRODUCTS_DIR)/DataBaseSwift.app/DataBaseSwift";
			};
			name = Release;
		};
		8F273BD91F06C2C40024A735 /* Debug */ = {
			isa = XCBuildConfiguration;
			buildSettings = {
				ALWAYS_EMBED_SWIFT_STANDARD_LIBRARIES = YES;
				INFOPLIST_FILE = DataBaseSwiftUITests/Info.plist;
				LD_RUNPATH_SEARCH_PATHS = "$(inherited) @executable_path/Frameworks @loader_path/Frameworks";
				PRODUCT_BUNDLE_IDENTIFIER = com.prashant.DataBaseSwiftUITests;
				PRODUCT_NAME = "$(TARGET_NAME)";
				SWIFT_VERSION = 3.0;
				TEST_TARGET_NAME = DataBaseSwift;
			};
			name = Debug;
		};
		8F273BDA1F06C2C40024A735 /* Release */ = {
			isa = XCBuildConfiguration;
			buildSettings = {
				ALWAYS_EMBED_SWIFT_STANDARD_LIBRARIES = YES;
				INFOPLIST_FILE = DataBaseSwiftUITests/Info.plist;
				LD_RUNPATH_SEARCH_PATHS = "$(inherited) @executable_path/Frameworks @loader_path/Frameworks";
				PRODUCT_BUNDLE_IDENTIFIER = com.prashant.DataBaseSwiftUITests;
				PRODUCT_NAME = "$(TARGET_NAME)";
				SWIFT_VERSION = 3.0;
				TEST_TARGET_NAME = DataBaseSwift;
			};
			name = Release;
		};
/* End XCBuildConfiguration section */

/* Begin XCConfigurationList section */
		8F273BA51F06C2C40024A735 /* Build configuration list for PBXProject "DataBaseSwift" */ = {
			isa = XCConfigurationList;
			buildConfigurations = (
				8F273BD01F06C2C40024A735 /* Debug */,
				8F273BD11F06C2C40024A735 /* Release */,
			);
			defaultConfigurationIsVisible = 0;
			defaultConfigurationName = Release;
		};
		8F273BD21F06C2C40024A735 /* Build configuration list for PBXNativeTarget "DataBaseSwift" */ = {
			isa = XCConfigurationList;
			buildConfigurations = (
				8F273BD31F06C2C40024A735 /* Debug */,
				8F273BD41F06C2C40024A735 /* Release */,
			);
			defaultConfigurationIsVisible = 0;
		};
		8F273BD51F06C2C40024A735 /* Build configuration list for PBXNativeTarget "DataBaseSwiftTests" */ = {
			isa = XCConfigurationList;
			buildConfigurations = (
				8F273BD61F06C2C40024A735 /* Debug */,
				8F273BD71F06C2C40024A735 /* Release */,
			);
			defaultConfigurationIsVisible = 0;
		};
		8F273BD81F06C2C40024A735 /* Build configuration list for PBXNativeTarget "DataBaseSwiftUITests" */ = {
			isa = XCConfigurationList;
			buildConfigurations = (
				8F273BD91F06C2C40024A735 /* Debug */,
				8F273BDA1F06C2C40024A735 /* Release */,
			);
			defaultConfigurationIsVisible = 0;
		};
/* End XCConfigurationList section */
	};
	rootObject = 8F273BA21F06C2C40024A735 /* Project object */;
}
